
Microsoft Visual Studio Solution File, Format Version 12.00
# Visual Studio Version 17
VisualStudioVersion = 17.4.33213.308
MinimumVisualStudioVersion = 10.0.40219.1
Project("{9A19103F-16F7-4668-BE54-9A1E7A4F7556}") = "GalleryWeb", "GalleryWeb\GalleryWeb.csproj", "{1FA57A14-30E6-463D-9B35-AFDF7610641E}"
EndProject
Project("{9A19103F-16F7-4668-BE54-9A1E7A4F7556}") = "Data.Interface", "Data\Data.Interface.csproj", "{AAC68859-0FF9-4CF8-B60C-02E467AABDC9}"
EndProject
Project("{9A19103F-16F7-4668-BE54-9A1E7A4F7556}") = "Data.Sql", "Data.Sql\Data.Sql.csproj", "{74341630-FA94-408F-B793-705CD55B5B21}"
EndProject
Global
	GlobalSection(SolutionConfigurationPlatforms) = preSolution
		Debug|Any CPU = Debug|Any CPU
		Release|Any CPU = Release|Any CPU
	EndGlobalSection
	GlobalSection(ProjectConfigurationPlatforms) = postSolution
		{1FA57A14-30E6-463D-9B35-AFDF7610641E}.Debug|Any CPU.ActiveCfg = Debug|Any CPU
		{1FA57A14-30E6-463D-9B35-AFDF7610641E}.Debug|Any CPU.Build.0 = Debug|Any CPU
		{1FA57A14-30E6-463D-9B35-AFDF7610641E}.Release|Any CPU.ActiveCfg = Release|Any CPU
		{1FA57A14-30E6-463D-9B35-AFDF7610641E}.Release|Any CPU.Build.0 = Release|Any CPU
		{AAC68859-0FF9-4CF8-B60C-02E467AABDC9}.Debug|Any CPU.ActiveCfg = Debug|Any CPU
		{AAC68859-0FF9-4CF8-B60C-02E467AABDC9}.Debug|Any CPU.Build.0 = Debug|Any CPU
		{AAC68859-0FF9-4CF8-B60C-02E467AABDC9}.Release|Any CPU.ActiveCfg = Release|Any CPU
		{AAC68859-0FF9-4CF8-B60C-02E467AABDC9}.Release|Any CPU.Build.0 = Release|Any CPU
		{74341630-FA94-408F-B793-705CD55B5B21}.Debug|Any CPU.ActiveCfg = Debug|Any CPU
		{74341630-FA94-408F-B793-705CD55B5B21}.Debug|Any CPU.Build.0 = Debug|Any CPU
		{74341630-FA94-408F-B793-705CD55B5B21}.Release|Any CPU.ActiveCfg = Release|Any CPU
		{74341630-FA94-408F-B793-705CD55B5B21}.Release|Any CPU.Build.0 = Release|Any CPU
	EndGlobalSection
	GlobalSection(SolutionProperties) = preSolution
		HideSolutionNode = FALSE
	EndGlobalSection
	GlobalSection(ExtensibilityGlobals) = postSolution
		SolutionGuid = {2254F98D-861F-4915-BE42-18CBAE51CF9E}
	EndGlobalSection
EndGlobal
